
Microsoft Visual Studio Solution File, Format Version 12.00
# Visual Studio Version 17
VisualStudioVersion = 17.6.33815.320
MinimumVisualStudioVersion = 10.0.40219.1
Project("{8BC9CEB8-8B4A-11D0-8D11-00A0C91BC942}") = "02 Pokazivaci vjezbanje 03", "02 Pokazivaci vjezbanje 03.vcxproj", "{FEA7CE61-35D3-4B6A-B14B-FAF5826F0C51}"
EndProject
Global
	GlobalSection(SolutionConfigurationPlatforms) = preSolution
		Debug|x64 = Debug|x64
		Debug|x86 = Debug|x86
		Release|x64 = Release|x64
		Release|x86 = Release|x86
	EndGlobalSection
	GlobalSection(ProjectConfigurationPlatforms) = postSolution
		{FEA7CE61-35D3-4B6A-B14B-FAF5826F0C51}.Debug|x64.ActiveCfg = Debug|x64
		{FEA7CE61-35D3-4B6A-B14B-FAF5826F0C51}.Debug|x64.Build.0 = Debug|x64
		{FEA7CE61-35D3-4B6A-B14B-FAF5826F0C51}.Debug|x86.ActiveCfg = Debug|Win32
		{FEA7CE61-35D3-4B6A-B14B-FAF5826F0C51}.Debug|x86.Build.0 = Debug|Win32
		{FEA7CE61-35D3-4B6A-B14B-FAF5826F0C51}.Release|x64.ActiveCfg = Release|x64
		{FEA7CE61-35D3-4B6A-B14B-FAF5826F0C51}.Release|x64.Build.0 = Release|x64
		{FEA7CE61-35D3-4B6A-B14B-FAF5826F0C51}.Release|x86.ActiveCfg = Release|Win32
		{FEA7CE61-35D3-4B6A-B14B-FAF5826F0C51}.Release|x86.Build.0 = Release|Win32
	EndGlobalSection
	GlobalSection(SolutionProperties) = preSolution
		HideSolutionNode = FALSE
	EndGlobalSection
	GlobalSection(ExtensibilityGlobals) = postSolution
		SolutionGuid = {0343C1DF-8561-4EB0-AC82-E09D864F9976}
	EndGlobalSection
EndGlobal
