
Microsoft Visual Studio Solution File, Format Version 12.00
# Visual Studio Version 17
VisualStudioVersion = 17.6.33815.320
MinimumVisualStudioVersion = 10.0.40219.1
Project("{8BC9CEB8-8B4A-11D0-8D11-00A0C91BC942}") = "02 Pokazivaci vjezbanje 07", "02 Pokazivaci vjezbanje 07.vcxproj", "{113F8DC0-19F7-4457-87D6-012F6EB3748F}"
EndProject
Global
	GlobalSection(SolutionConfigurationPlatforms) = preSolution
		Debug|x64 = Debug|x64
		Debug|x86 = Debug|x86
		Release|x64 = Release|x64
		Release|x86 = Release|x86
	EndGlobalSection
	GlobalSection(ProjectConfigurationPlatforms) = postSolution
		{113F8DC0-19F7-4457-87D6-012F6EB3748F}.Debug|x64.ActiveCfg = Debug|x64
		{113F8DC0-19F7-4457-87D6-012F6EB3748F}.Debug|x64.Build.0 = Debug|x64
		{113F8DC0-19F7-4457-87D6-012F6EB3748F}.Debug|x86.ActiveCfg = Debug|Win32
		{113F8DC0-19F7-4457-87D6-012F6EB3748F}.Debug|x86.Build.0 = Debug|Win32
		{113F8DC0-19F7-4457-87D6-012F6EB3748F}.Release|x64.ActiveCfg = Release|x64
		{113F8DC0-19F7-4457-87D6-012F6EB3748F}.Release|x64.Build.0 = Release|x64
		{113F8DC0-19F7-4457-87D6-012F6EB3748F}.Release|x86.ActiveCfg = Release|Win32
		{113F8DC0-19F7-4457-87D6-012F6EB3748F}.Release|x86.Build.0 = Release|Win32
	EndGlobalSection
	GlobalSection(SolutionProperties) = preSolution
		HideSolutionNode = FALSE
	EndGlobalSection
	GlobalSection(ExtensibilityGlobals) = postSolution
		SolutionGuid = {0D0005D5-19F6-4EEE-BB59-C5170D37F516}
	EndGlobalSection
EndGlobal
