
Microsoft Visual Studio Solution File, Format Version 12.00
# Visual Studio Version 17
VisualStudioVersion = 17.6.33829.357
MinimumVisualStudioVersion = 10.0.40219.1
Project("{8BC9CEB8-8B4A-11D0-8D11-00A0C91BC942}") = "03 Reference vjezbanje 03", "03 Reference vjezbanje 03.vcxproj", "{83D57284-A073-404F-BF47-6CA9C95FBF09}"
EndProject
Global
	GlobalSection(SolutionConfigurationPlatforms) = preSolution
		Debug|x64 = Debug|x64
		Debug|x86 = Debug|x86
		Release|x64 = Release|x64
		Release|x86 = Release|x86
	EndGlobalSection
	GlobalSection(ProjectConfigurationPlatforms) = postSolution
		{83D57284-A073-404F-BF47-6CA9C95FBF09}.Debug|x64.ActiveCfg = Debug|x64
		{83D57284-A073-404F-BF47-6CA9C95FBF09}.Debug|x64.Build.0 = Debug|x64
		{83D57284-A073-404F-BF47-6CA9C95FBF09}.Debug|x86.ActiveCfg = Debug|Win32
		{83D57284-A073-404F-BF47-6CA9C95FBF09}.Debug|x86.Build.0 = Debug|Win32
		{83D57284-A073-404F-BF47-6CA9C95FBF09}.Release|x64.ActiveCfg = Release|x64
		{83D57284-A073-404F-BF47-6CA9C95FBF09}.Release|x64.Build.0 = Release|x64
		{83D57284-A073-404F-BF47-6CA9C95FBF09}.Release|x86.ActiveCfg = Release|Win32
		{83D57284-A073-404F-BF47-6CA9C95FBF09}.Release|x86.Build.0 = Release|Win32
	EndGlobalSection
	GlobalSection(SolutionProperties) = preSolution
		HideSolutionNode = FALSE
	EndGlobalSection
	GlobalSection(ExtensibilityGlobals) = postSolution
		SolutionGuid = {6F1DB4B9-719D-4334-8B35-FA7FD344CE5E}
	EndGlobalSection
EndGlobal
