
Microsoft Visual Studio Solution File, Format Version 12.00
# Visual Studio Version 17
VisualStudioVersion = 17.7.34018.315
MinimumVisualStudioVersion = 10.0.40219.1
Project("{8BC9CEB8-8B4A-11D0-8D11-00A0C91BC942}") = "12 obrada izuzetaka i datoteke vjezbanje 02", "12 obrada izuzetaka i datoteke vjezbanje 02.vcxproj", "{E511CECA-7B52-40B0-B819-8D861FFE4725}"
EndProject
Global
	GlobalSection(SolutionConfigurationPlatforms) = preSolution
		Debug|x64 = Debug|x64
		Debug|x86 = Debug|x86
		Release|x64 = Release|x64
		Release|x86 = Release|x86
	EndGlobalSection
	GlobalSection(ProjectConfigurationPlatforms) = postSolution
		{E511CECA-7B52-40B0-B819-8D861FFE4725}.Debug|x64.ActiveCfg = Debug|x64
		{E511CECA-7B52-40B0-B819-8D861FFE4725}.Debug|x64.Build.0 = Debug|x64
		{E511CECA-7B52-40B0-B819-8D861FFE4725}.Debug|x86.ActiveCfg = Debug|Win32
		{E511CECA-7B52-40B0-B819-8D861FFE4725}.Debug|x86.Build.0 = Debug|Win32
		{E511CECA-7B52-40B0-B819-8D861FFE4725}.Release|x64.ActiveCfg = Release|x64
		{E511CECA-7B52-40B0-B819-8D861FFE4725}.Release|x64.Build.0 = Release|x64
		{E511CECA-7B52-40B0-B819-8D861FFE4725}.Release|x86.ActiveCfg = Release|Win32
		{E511CECA-7B52-40B0-B819-8D861FFE4725}.Release|x86.Build.0 = Release|Win32
	EndGlobalSection
	GlobalSection(SolutionProperties) = preSolution
		HideSolutionNode = FALSE
	EndGlobalSection
	GlobalSection(ExtensibilityGlobals) = postSolution
		SolutionGuid = {35443D3C-A0D0-4812-97E1-E4DC4CDBDCA3}
	EndGlobalSection
EndGlobal
