
Microsoft Visual Studio Solution File, Format Version 12.00
# Visual Studio Version 17
VisualStudioVersion = 17.6.33829.357
MinimumVisualStudioVersion = 10.0.40219.1
Project("{8BC9CEB8-8B4A-11D0-8D11-00A0C91BC942}") = "05 jos o klasama vjezbanje 06", "05 jos o klasama vjezbanje 06.vcxproj", "{A7F6E572-0AC5-4520-B7AD-7DB7E1E19E71}"
EndProject
Global
	GlobalSection(SolutionConfigurationPlatforms) = preSolution
		Debug|x64 = Debug|x64
		Debug|x86 = Debug|x86
		Release|x64 = Release|x64
		Release|x86 = Release|x86
	EndGlobalSection
	GlobalSection(ProjectConfigurationPlatforms) = postSolution
		{A7F6E572-0AC5-4520-B7AD-7DB7E1E19E71}.Debug|x64.ActiveCfg = Debug|x64
		{A7F6E572-0AC5-4520-B7AD-7DB7E1E19E71}.Debug|x64.Build.0 = Debug|x64
		{A7F6E572-0AC5-4520-B7AD-7DB7E1E19E71}.Debug|x86.ActiveCfg = Debug|Win32
		{A7F6E572-0AC5-4520-B7AD-7DB7E1E19E71}.Debug|x86.Build.0 = Debug|Win32
		{A7F6E572-0AC5-4520-B7AD-7DB7E1E19E71}.Release|x64.ActiveCfg = Release|x64
		{A7F6E572-0AC5-4520-B7AD-7DB7E1E19E71}.Release|x64.Build.0 = Release|x64
		{A7F6E572-0AC5-4520-B7AD-7DB7E1E19E71}.Release|x86.ActiveCfg = Release|Win32
		{A7F6E572-0AC5-4520-B7AD-7DB7E1E19E71}.Release|x86.Build.0 = Release|Win32
	EndGlobalSection
	GlobalSection(SolutionProperties) = preSolution
		HideSolutionNode = FALSE
	EndGlobalSection
	GlobalSection(ExtensibilityGlobals) = postSolution
		SolutionGuid = {24D2CA14-B779-4C3C-9E77-63CD5ABDC4EF}
	EndGlobalSection
EndGlobal
